
Microsoft Visual Studio Solution File, Format Version 12.00
# Visual Studio Version 16
VisualStudioVersion = 16.0.31624.102
MinimumVisualStudioVersion = 10.0.40219.1
Project("{8BC9CEB8-8B4A-11D0-8D11-00A0C91BC942}") = "HoloBodyTracking", "HoloBodyTracking\HoloBodyTracking.vcxproj", "{B96B1AA4-CFF3-46B8-AEAF-032C71F1FDB5}"
EndProject
Project("{8BC9CEB8-8B4A-11D0-8D11-00A0C91BC942}") = "PcBodyTracking", "PcBodyTracking\PcBodyTracking.vcxproj", "{11806130-AA51-4D6B-95FA-276EE36A127E}"
EndProject
Project("{8BC9CEB8-8B4A-11D0-8D11-00A0C91BC942}") = "PcBodyTrackingSender", "PcBodyTrackingSender\PcBodyTrackingSender.vcxproj", "{11806130-AA51-4D6B-95FA-276EE36A127F}"
EndProject
Global
	GlobalSection(SolutionConfigurationPlatforms) = preSolution
		Debug|ARM64 = Debug|ARM64
		Debug|x64 = Debug|x64
		Release|ARM64 = Release|ARM64
		Release|x64 = Release|x64
	EndGlobalSection
	GlobalSection(ProjectConfigurationPlatforms) = postSolution
		{B96B1AA4-CFF3-46B8-AEAF-032C71F1FDB5}.Debug|ARM64.ActiveCfg = Debug|ARM64
		{B96B1AA4-CFF3-46B8-AEAF-032C71F1FDB5}.Debug|ARM64.Build.0 = Debug|ARM64
		{B96B1AA4-CFF3-46B8-AEAF-032C71F1FDB5}.Debug|ARM64.Deploy.0 = Debug|ARM64
		{B96B1AA4-CFF3-46B8-AEAF-032C71F1FDB5}.Debug|x64.ActiveCfg = Debug|x64
		{B96B1AA4-CFF3-46B8-AEAF-032C71F1FDB5}.Release|ARM64.ActiveCfg = Release|ARM64
		{B96B1AA4-CFF3-46B8-AEAF-032C71F1FDB5}.Release|ARM64.Build.0 = Release|ARM64
		{B96B1AA4-CFF3-46B8-AEAF-032C71F1FDB5}.Release|ARM64.Deploy.0 = Release|ARM64
		{B96B1AA4-CFF3-46B8-AEAF-032C71F1FDB5}.Release|x64.ActiveCfg = Release|x64
		{11806130-AA51-4D6B-95FA-276EE36A127E}.Debug|ARM64.ActiveCfg = Debug|x64
		{11806130-AA51-4D6B-95FA-276EE36A127E}.Debug|x64.ActiveCfg = Debug|x64
		{11806130-AA51-4D6B-95FA-276EE36A127E}.Debug|x64.Build.0 = Debug|x64
		{11806130-AA51-4D6B-95FA-276EE36A127E}.Release|ARM64.ActiveCfg = Release|x64
		{11806130-AA51-4D6B-95FA-276EE36A127E}.Release|x64.ActiveCfg = Release|x64
		{11806130-AA51-4D6B-95FA-276EE36A127E}.Release|x64.Build.0 = Release|x64
		{11806130-AA51-4D6B-95FA-276EE36A127F}.Debug|ARM64.ActiveCfg = Debug|x64
		{11806130-AA51-4D6B-95FA-276EE36A127F}.Debug|x64.ActiveCfg = Debug|x64
		{11806130-AA51-4D6B-95FA-276EE36A127F}.Debug|x64.Build.0 = Debug|x64
		{11806130-AA51-4D6B-95FA-276EE36A127F}.Release|ARM64.ActiveCfg = Release|x64
		{11806130-AA51-4D6B-95FA-276EE36A127F}.Release|x64.ActiveCfg = Release|x64
		{11806130-AA51-4D6B-95FA-276EE36A127F}.Release|x64.Build.0 = Release|x64
	EndGlobalSection
	GlobalSection(SolutionProperties) = preSolution
		HideSolutionNode = FALSE
	EndGlobalSection
	GlobalSection(ExtensibilityGlobals) = postSolution
		SolutionGuid = {B150D9E0-9B71-4309-A206-E6A5B9D427A1}
	EndGlobalSection
EndGlobal
