<?xml version="1.0" encoding="utf-8"?>
<Project ToolsVersion="4.0" xmlns="http://schemas.microsoft.com/developer/msbuild/2003">
  <ItemGroup>
    <FxCompile Include="Content\GeometryShader.hlsl">
      <Filter>Content</Filter>
    </FxCompile>
    <FxCompile Include="Content\PixelShader.hlsl">
      <Filter>Content</Filter>
    </FxCompile>
    <FxCompile Include="Content\VertexShader.hlsl">
      <Filter>Content</Filter>
    </FxCompile>
    <FxCompile Include="Content\VPRTVertexShader.hlsl">
      <Filter>Content</Filter>
    </FxCompile>
  </ItemGroup>
  <ItemGroup>
    <ClCompile Include="AppView.cpp" />
    <ClCompile Include="BasicHologramMain.cpp" />
    <ClCompile Include="pch.cpp" />
    <ClCompile Include="HoloBodyTracking.cpp" />
    <ClCompile Include="Texture2D.cpp" />
    <ClCompile Include="Common\CameraResources.cpp">
      <Filter>Common</Filter>
    </ClCompile>
    <ClCompile Include="Common\DeviceResources.cpp">
      <Filter>Common</Filter>
    </ClCompile>
    <ClCompile Include="Content\ModelRenderer.cpp">
      <Filter>Content</Filter>
    </ClCompile>
    <ClCompile Include="Content\SlateCameraRenderer.cpp">
      <Filter>Content</Filter>
    </ClCompile>
    <ClCompile Include="Content\SpatialInputHandler.cpp">
      <Filter>Content</Filter>
    </ClCompile>
    <ClCompile Include="Content\VectorModel.cpp">
      <Filter>Content</Filter>
    </ClCompile>
    <ClCompile Include="Content\XAxisModel.cpp">
      <Filter>Content</Filter>
    </ClCompile>
    <ClCompile Include="Content\SockRenderer.cpp">
      <Filter>Content</Filter>
    </ClCompile>
    <ClCompile Include="..\CommonBT\BitSaving.cpp">
      <Filter>CommonBT</Filter>
    </ClCompile>
    <ClCompile Include="..\CommonBT\udp.cpp">
      <Filter>CommonBT</Filter>
    </ClCompile>
  </ItemGroup>
  <ItemGroup>
    <ClInclude Include="AppView.h" />
    <ClInclude Include="BasicHologramMain.h" />
    <ClInclude Include="pch.h" />
    <ClInclude Include="HoloBodyTracking.h" />
    <ClInclude Include="ResearchModeApi.h" />
    <ClInclude Include="Texture2D.h" />
    <ClInclude Include="Common\CameraResources.h">
      <Filter>Common</Filter>
    </ClInclude>
    <ClInclude Include="Common\DeviceResources.h">
      <Filter>Common</Filter>
    </ClInclude>
    <ClInclude Include="Common\DirectXHelper.h">
      <Filter>Common</Filter>
    </ClInclude>
    <ClInclude Include="Common\StepTimer.h">
      <Filter>Common</Filter>
    </ClInclude>
    <ClInclude Include="Content\ModelRenderer.h">
      <Filter>Content</Filter>
    </ClInclude>
    <ClInclude Include="Content\ShaderStructures.h">
      <Filter>Content</Filter>
    </ClInclude>
    <ClInclude Include="Content\SlateCameraRenderer.h">
      <Filter>Content</Filter>
    </ClInclude>
    <ClInclude Include="Content\SpatialInputHandler.h">
      <Filter>Content</Filter>
    </ClInclude>
    <ClInclude Include="Content\VectorModel.h">
      <Filter>Content</Filter>
    </ClInclude>
    <ClInclude Include="Content\XAxisModel.h">
      <Filter>Content</Filter>
    </ClInclude>
    <ClInclude Include="..\CommonBT\BodyStruct.h">
      <Filter>CommonBT</Filter>
    </ClInclude>
    <ClInclude Include="Content\SockRenderer.h">
      <Filter>Content</Filter>
    </ClInclude>
    <ClInclude Include="..\CommonBT\BitSaving.h">
      <Filter>CommonBT</Filter>
    </ClInclude>
    <ClInclude Include="..\CommonBT\udp.h">
      <Filter>CommonBT</Filter>
    </ClInclude>
  </ItemGroup>
  <ItemGroup>
    <Image Include="Assets\SplashScreen.scale-200.png">
      <Filter>Assets</Filter>
    </Image>
    <Image Include="Assets\Square44x44Logo.scale-200.png">
      <Filter>Assets</Filter>
    </Image>
    <Image Include="Assets\Square44x44Logo.targetsize-24.png">
      <Filter>Assets</Filter>
    </Image>
    <Image Include="Assets\Square150x150Logo.scale-200.png">
      <Filter>Assets</Filter>
    </Image>
    <Image Include="Assets\StoreLogo.scale-100.png">
      <Filter>Assets</Filter>
    </Image>
  </ItemGroup>
  <ItemGroup>
    <AppxManifest Include="Package.appxmanifest" />
  </ItemGroup>
  <ItemGroup>
    <None Include="BasicHologram_TemporaryKey.pfx" />
    <None Include="HoloBodyTracking_TemporaryKey.pfx" />
    <None Include="packages.config" />
  </ItemGroup>
  <ItemGroup>
    <Filter Include="CommonBT">
      <UniqueIdentifier>{94e3607f-f412-4dfe-b182-b6c3e5b0f686}</UniqueIdentifier>
    </Filter>
    <Filter Include="Common">
      <UniqueIdentifier>{808b27a4-a938-41af-905a-090c42d47978}</UniqueIdentifier>
    </Filter>
    <Filter Include="Content">
      <UniqueIdentifier>{70c327e5-a2dd-4bc5-b9e8-a58d65c7a9d0}</UniqueIdentifier>
    </Filter>
    <Filter Include="Assets">
      <UniqueIdentifier>{6a020c6c-d4c7-434f-853d-c76859c495bf}</UniqueIdentifier>
    </Filter>
  </ItemGroup>
</Project>